// !$*UTF8*$!
{
	archiveVersion = 1;
	classes = {
	};
	objectVersion = 48;
	objects = {

/* Begin PBXBuildFile section */
		9B0010031F87F7E400986BAE /* AppDelegate.swift in Sources */ = {isa = PBXBuildFile; fileRef = 9B0010021F87F7E400986BAE /* AppDelegate.swift */; };
		9B0010051F87F7E400986BAE /* MainVC.swift in Sources */ = {isa = PBXBuildFile; fileRef = 9B0010041F87F7E400986BAE /* MainVC.swift */; };
		9B0010081F87F7E400986BAE /* Main.storyboard in Resources */ = {isa = PBXBuildFile; fileRef = 9B0010061F87F7E400986BAE /* Main.storyboard */; };
		9B00100B1F87F7E400986BAE /* ToDone.xcdatamodeld in Sources */ = {isa = PBXBuildFile; fileRef = 9B0010091F87F7E400986BAE /* ToDone.xcdatamodeld */; };
		9B00100D1F87F7E400986BAE /* Assets.xcassets in Resources */ = {isa = PBXBuildFile; fileRef = 9B00100C1F87F7E400986BAE /* Assets.xcassets */; };
		9B0010101F87F7E400986BAE /* LaunchScreen.storyboard in Resources */ = {isa = PBXBuildFile; fileRef = 9B00100E1F87F7E400986BAE /* LaunchScreen.storyboard */; };
		9B00101C1F87F92E00986BAE /* MainLayout.swift in Sources */ = {isa = PBXBuildFile; fileRef = 9B00101B1F87F92E00986BAE /* MainLayout.swift */; };
		9B00101E1F87FA4900986BAE /* Shared.swift in Sources */ = {isa = PBXBuildFile; fileRef = 9B00101D1F87FA4900986BAE /* Shared.swift */; };
		9B0010211F87FD9800986BAE /* ToDoCell.swift in Sources */ = {isa = PBXBuildFile; fileRef = 9B0010201F87FD9800986BAE /* ToDoCell.swift */; };
		9B0010241F87FEFA00986BAE /* CategoryView.swift in Sources */ = {isa = PBXBuildFile; fileRef = 9B0010231F87FEFA00986BAE /* CategoryView.swift */; };
		9B0728A11F8B996A00256A68 /* CategoryCell.swift in Sources */ = {isa = PBXBuildFile; fileRef = 9B0728A01F8B996A00256A68 /* CategoryCell.swift */; };
		9B19BBEB1F8C494D00607DC9 /* SettingsLayout.swift in Sources */ = {isa = PBXBuildFile; fileRef = 9B19BBEA1F8C494D00607DC9 /* SettingsLayout.swift */; };
		9B19BBED1F8C495600607DC9 /* SettingsCoreData.swift in Sources */ = {isa = PBXBuildFile; fileRef = 9B19BBEC1F8C495600607DC9 /* SettingsCoreData.swift */; };
		9B20923B1F8FE48D00D6BDD6 /* Network.swift in Sources */ = {isa = PBXBuildFile; fileRef = 9B20923A1F8FE48D00D6BDD6 /* Network.swift */; };
		9B45AC4D1F8C4C3C000CB75B /* CustomSegues.swift in Sources */ = {isa = PBXBuildFile; fileRef = 9B45AC4C1F8C4C3C000CB75B /* CustomSegues.swift */; };
		9B4BFC141F9104400062F88A /* MainSKHelper.swift in Sources */ = {isa = PBXBuildFile; fileRef = 9B4BFC131F9104400062F88A /* MainSKHelper.swift */; };
		9B85AAEC1F8B093600E02AA0 /* AddToDoCoreData.swift in Sources */ = {isa = PBXBuildFile; fileRef = 9B85AAEB1F8B093600E02AA0 /* AddToDoCoreData.swift */; };
		9B85AAF01F8B146F00E02AA0 /* SubToDoCell.swift in Sources */ = {isa = PBXBuildFile; fileRef = 9B85AAEF1F8B146F00E02AA0 /* SubToDoCell.swift */; };
		9B85AAF31F8B94AD00E02AA0 /* AddDetailsVC.swift in Sources */ = {isa = PBXBuildFile; fileRef = 9B85AAF21F8B94AD00E02AA0 /* AddDetailsVC.swift */; };
		9B85AAF51F8B94CD00E02AA0 /* AddDetailsCoreData.swift in Sources */ = {isa = PBXBuildFile; fileRef = 9B85AAF41F8B94CD00E02AA0 /* AddDetailsCoreData.swift */; };
		9B85AAF71F8B94D800E02AA0 /* AddDetailsLayout.swift in Sources */ = {isa = PBXBuildFile; fileRef = 9B85AAF61F8B94D800E02AA0 /* AddDetailsLayout.swift */; };
		9BA0D96A20211FB700162364 /* UIViewExtension.swift in Sources */ = {isa = PBXBuildFile; fileRef = 9BA0D96920211FB700162364 /* UIViewExtension.swift */; };
		9BA0D96D2021221000162364 /* Alertable.swift in Sources */ = {isa = PBXBuildFile; fileRef = 9BA0D96C2021221000162364 /* Alertable.swift */; };
		9BA0D96F2021236300162364 /* UIDeviceExtension.swift in Sources */ = {isa = PBXBuildFile; fileRef = 9BA0D96E2021236300162364 /* UIDeviceExtension.swift */; };
		9BA0D9722021259100162364 /* Constants.swift in Sources */ = {isa = PBXBuildFile; fileRef = 9BA0D9712021259100162364 /* Constants.swift */; };
		9BA581A71F8904B5008C4976 /* MainCoreData.swift in Sources */ = {isa = PBXBuildFile; fileRef = 9BA581A61F8904B5008C4976 /* MainCoreData.swift */; };
		9BA581AA1F890E2F008C4976 /* AddToDoVC.swift in Sources */ = {isa = PBXBuildFile; fileRef = 9BA581A91F890E2F008C4976 /* AddToDoVC.swift */; };
		9BA581AC1F890E58008C4976 /* AddToDoLayout.swift in Sources */ = {isa = PBXBuildFile; fileRef = 9BA581AB1F890E58008C4976 /* AddToDoLayout.swift */; };
		9BA581B21F896892008C4976 /* InputField.swift in Sources */ = {isa = PBXBuildFile; fileRef = 9BA581B11F896892008C4976 /* InputField.swift */; };
		9BA581B41F898E39008C4976 /* TextButton.swift in Sources */ = {isa = PBXBuildFile; fileRef = 9BA581B31F898E39008C4976 /* TextButton.swift */; };
		9BB1CB3E1F97C04700F788CE /* StoreKit.framework in Frameworks */ = {isa = PBXBuildFile; fileRef = 9BB1CB3D1F97C04700F788CE /* StoreKit.framework */; };
		9BE5EF581F8C469000626FED /* SettingsVC.swift in Sources */ = {isa = PBXBuildFile; fileRef = 9BE5EF571F8C469000626FED /* SettingsVC.swift */; };
		9BE660181F8E96BB00EB26E7 /* AddCategoryVC.swift in Sources */ = {isa = PBXBuildFile; fileRef = 9BE660171F8E96BB00EB26E7 /* AddCategoryVC.swift */; };
		9BE6601A1F8E96D100EB26E7 /* AddCategoryLayout.swift in Sources */ = {isa = PBXBuildFile; fileRef = 9BE660191F8E96D100EB26E7 /* AddCategoryLayout.swift */; };
		9BE6601C1F8E97E100EB26E7 /* ColorPicker.swift in Sources */ = {isa = PBXBuildFile; fileRef = 9BE6601B1F8E97E100EB26E7 /* ColorPicker.swift */; };
		9BF4DBD01F9109EB007AAA05 /* AddToDoSKHelper.swift in Sources */ = {isa = PBXBuildFile; fileRef = 9BF4DBCF1F9109EB007AAA05 /* AddToDoSKHelper.swift */; };
		9BF4DBD21F910AF2007AAA05 /* SettingsSKHelper.swift in Sources */ = {isa = PBXBuildFile; fileRef = 9BF4DBD11F910AF2007AAA05 /* SettingsSKHelper.swift */; };
/* End PBXBuildFile section */

/* Begin PBXFileReference section */
		9B000FFF1F87F7E400986BAE /* ToDone.app */ = {isa = PBXFileReference; explicitFileType = wrapper.application; includeInIndex = 0; path = ToDone.app; sourceTree = BUILT_PRODUCTS_DIR; };
		9B0010021F87F7E400986BAE /* AppDelegate.swift */ = {isa = PBXFileReference; lastKnownFileType = sourcecode.swift; path = AppDelegate.swift; sourceTree = "<group>"; };
		9B0010041F87F7E400986BAE /* MainVC.swift */ = {isa = PBXFileReference; lastKnownFileType = sourcecode.swift; path = MainVC.swift; sourceTree = "<group>"; };
		9B0010071F87F7E400986BAE /* Base */ = {isa = PBXFileReference; lastKnownFileType = file.storyboard; name = Base; path = Base.lproj/Main.storyboard; sourceTree = "<group>"; };
		9B00100A1F87F7E400986BAE /* ToDone.xcdatamodel */ = {isa = PBXFileReference; lastKnownFileType = wrapper.xcdatamodel; path = ToDone.xcdatamodel; sourceTree = "<group>"; };
		9B00100C1F87F7E400986BAE /* Assets.xcassets */ = {isa = PBXFileReference; lastKnownFileType = folder.assetcatalog; path = Assets.xcassets; sourceTree = "<group>"; };
		9B00100F1F87F7E400986BAE /* Base */ = {isa = PBXFileReference; lastKnownFileType = file.storyboard; name = Base; path = Base.lproj/LaunchScreen.storyboard; sourceTree = "<group>"; };
		9B0010111F87F7E400986BAE /* Info.plist */ = {isa = PBXFileReference; lastKnownFileType = text.plist.xml; path = Info.plist; sourceTree = "<group>"; };
		9B00101B1F87F92E00986BAE /* MainLayout.swift */ = {isa = PBXFileReference; lastKnownFileType = sourcecode.swift; path = MainLayout.swift; sourceTree = "<group>"; };
		9B00101D1F87FA4900986BAE /* Shared.swift */ = {isa = PBXFileReference; lastKnownFileType = sourcecode.swift; path = Shared.swift; sourceTree = "<group>"; };
		9B0010201F87FD9800986BAE /* ToDoCell.swift */ = {isa = PBXFileReference; lastKnownFileType = sourcecode.swift; path = ToDoCell.swift; sourceTree = "<group>"; };
		9B0010231F87FEFA00986BAE /* CategoryView.swift */ = {isa = PBXFileReference; lastKnownFileType = sourcecode.swift; path = CategoryView.swift; sourceTree = "<group>"; };
		9B0728A01F8B996A00256A68 /* CategoryCell.swift */ = {isa = PBXFileReference; lastKnownFileType = sourcecode.swift; path = CategoryCell.swift; sourceTree = "<group>"; };
		9B19BBEA1F8C494D00607DC9 /* SettingsLayout.swift */ = {isa = PBXFileReference; lastKnownFileType = sourcecode.swift; path = SettingsLayout.swift; sourceTree = "<group>"; };
		9B19BBEC1F8C495600607DC9 /* SettingsCoreData.swift */ = {isa = PBXFileReference; lastKnownFileType = sourcecode.swift; path = SettingsCoreData.swift; sourceTree = "<group>"; };
		9B20923A1F8FE48D00D6BDD6 /* Network.swift */ = {isa = PBXFileReference; lastKnownFileType = sourcecode.swift; path = Network.swift; sourceTree = "<group>"; };
		9B45AC4C1F8C4C3C000CB75B /* CustomSegues.swift */ = {isa = PBXFileReference; lastKnownFileType = sourcecode.swift; path = CustomSegues.swift; sourceTree = "<group>"; };
		9B4BFC131F9104400062F88A /* MainSKHelper.swift */ = {isa = PBXFileReference; lastKnownFileType = sourcecode.swift; path = MainSKHelper.swift; sourceTree = "<group>"; };
		9B85AAEB1F8B093600E02AA0 /* AddToDoCoreData.swift */ = {isa = PBXFileReference; lastKnownFileType = sourcecode.swift; path = AddToDoCoreData.swift; sourceTree = "<group>"; };
		9B85AAEF1F8B146F00E02AA0 /* SubToDoCell.swift */ = {isa = PBXFileReference; lastKnownFileType = sourcecode.swift; path = SubToDoCell.swift; sourceTree = "<group>"; };
		9B85AAF21F8B94AD00E02AA0 /* AddDetailsVC.swift */ = {isa = PBXFileReference; lastKnownFileType = sourcecode.swift; path = AddDetailsVC.swift; sourceTree = "<group>"; };
		9B85AAF41F8B94CD00E02AA0 /* AddDetailsCoreData.swift */ = {isa = PBXFileReference; lastKnownFileType = sourcecode.swift; path = AddDetailsCoreData.swift; sourceTree = "<group>"; };
		9B85AAF61F8B94D800E02AA0 /* AddDetailsLayout.swift */ = {isa = PBXFileReference; lastKnownFileType = sourcecode.swift; path = AddDetailsLayout.swift; sourceTree = "<group>"; };
		9BA0D96920211FB700162364 /* UIViewExtension.swift */ = {isa = PBXFileReference; lastKnownFileType = sourcecode.swift; path = UIViewExtension.swift; sourceTree = "<group>"; };
		9BA0D96C2021221000162364 /* Alertable.swift */ = {isa = PBXFileReference; lastKnownFileType = sourcecode.swift; path = Alertable.swift; sourceTree = "<group>"; };
		9BA0D96E2021236300162364 /* UIDeviceExtension.swift */ = {isa = PBXFileReference; lastKnownFileType = sourcecode.swift; path = UIDeviceExtension.swift; sourceTree = "<group>"; };
		9BA0D9712021259100162364 /* Constants.swift */ = {isa = PBXFileReference; lastKnownFileType = sourcecode.swift; path = Constants.swift; sourceTree = "<group>"; };
		9BA581A61F8904B5008C4976 /* MainCoreData.swift */ = {isa = PBXFileReference; lastKnownFileType = sourcecode.swift; path = MainCoreData.swift; sourceTree = "<group>"; };
		9BA581A91F890E2F008C4976 /* AddToDoVC.swift */ = {isa = PBXFileReference; lastKnownFileType = sourcecode.swift; path = AddToDoVC.swift; sourceTree = "<group>"; };
		9BA581AB1F890E58008C4976 /* AddToDoLayout.swift */ = {isa = PBXFileReference; lastKnownFileType = sourcecode.swift; path = AddToDoLayout.swift; sourceTree = "<group>"; };
		9BA581B11F896892008C4976 /* InputField.swift */ = {isa = PBXFileReference; lastKnownFileType = sourcecode.swift; path = InputField.swift; sourceTree = "<group>"; };
		9BA581B31F898E39008C4976 /* TextButton.swift */ = {isa = PBXFileReference; lastKnownFileType = sourcecode.swift; path = TextButton.swift; sourceTree = "<group>"; };
		9BB1CB3D1F97C04700F788CE /* StoreKit.framework */ = {isa = PBXFileReference; lastKnownFileType = wrapper.framework; name = StoreKit.framework; path = System/Library/Frameworks/StoreKit.framework; sourceTree = SDKROOT; };
		9BB82DC61F90146B0073DFFA /* ToDone.entitlements */ = {isa = PBXFileReference; lastKnownFileType = text.plist.entitlements; path = ToDone.entitlements; sourceTree = "<group>"; };
		9BE5EF571F8C469000626FED /* SettingsVC.swift */ = {isa = PBXFileReference; lastKnownFileType = sourcecode.swift; path = SettingsVC.swift; sourceTree = "<group>"; };
		9BE660171F8E96BB00EB26E7 /* AddCategoryVC.swift */ = {isa = PBXFileReference; lastKnownFileType = sourcecode.swift; path = AddCategoryVC.swift; sourceTree = "<group>"; };
		9BE660191F8E96D100EB26E7 /* AddCategoryLayout.swift */ = {isa = PBXFileReference; lastKnownFileType = sourcecode.swift; path = AddCategoryLayout.swift; sourceTree = "<group>"; };
		9BE6601B1F8E97E100EB26E7 /* ColorPicker.swift */ = {isa = PBXFileReference; lastKnownFileType = sourcecode.swift; path = ColorPicker.swift; sourceTree = "<group>"; };
		9BF4DBCF1F9109EB007AAA05 /* AddToDoSKHelper.swift */ = {isa = PBXFileReference; lastKnownFileType = sourcecode.swift; path = AddToDoSKHelper.swift; sourceTree = "<group>"; };
		9BF4DBD11F910AF2007AAA05 /* SettingsSKHelper.swift */ = {isa = PBXFileReference; lastKnownFileType = sourcecode.swift; path = SettingsSKHelper.swift; sourceTree = "<group>"; };
/* End PBXFileReference section */

/* Begin PBXFrameworksBuildPhase section */
		9B000FFC1F87F7E400986BAE /* Frameworks */ = {
			isa = PBXFrameworksBuildPhase;
			buildActionMask = 2147483647;
			files = (
				9BB1CB3E1F97C04700F788CE /* StoreKit.framework in Frameworks */,
			);
			runOnlyForDeploymentPostprocessing = 0;
		};
/* End PBXFrameworksBuildPhase section */

/* Begin PBXGroup section */
		9B000FF61F87F7E400986BAE = {
			isa = PBXGroup;
			children = (
				9B0010011F87F7E400986BAE /* ToDone */,
				9B0010001F87F7E400986BAE /* Products */,
				9BB1CB3C1F97C04700F788CE /* Frameworks */,
			);
			sourceTree = "<group>";
		};
		9B0010001F87F7E400986BAE /* Products */ = {
			isa = PBXGroup;
			children = (
				9B000FFF1F87F7E400986BAE /* ToDone.app */,
			);
			name = Products;
			sourceTree = "<group>";
		};
		9B0010011F87F7E400986BAE /* ToDone */ = {
			isa = PBXGroup;
			children = (
				9BA0D9702021255F00162364 /* Data */,
				9BA0D96B2021220600162364 /* Protocols */,
				9BA0D96820211F4100162364 /* Presentation */,
				9BA0D96720211F3800162364 /* Extensions */,
				9B00101F1F87FD8500986BAE /* View */,
				9B0010181F87F8BB00986BAE /* Controller */,
				9B0010021F87F7E400986BAE /* AppDelegate.swift */,
				9B0010061F87F7E400986BAE /* Main.storyboard */,
				9B00100C1F87F7E400986BAE /* Assets.xcassets */,
				9B00100E1F87F7E400986BAE /* LaunchScreen.storyboard */,
				9B0010111F87F7E400986BAE /* Info.plist */,
				9BB82DC61F90146B0073DFFA /* ToDone.entitlements */,
			);
			path = ToDone;
			sourceTree = "<group>";
		};
		9B0010181F87F8BB00986BAE /* Controller */ = {
			isa = PBXGroup;
			children = (
				9B0010191F87F8C200986BAE /* Main */,
				9BA581A81F890E06008C4976 /* AddToDo */,
				9B85AAF11F8B948200E02AA0 /* AddDetailsVC */,
				9BE5EF561F8C466F00626FED /* SettingsVC */,
				9BB92C431F8E9342002BF872 /* AddCategory */,
			);
			path = Controller;
			sourceTree = "<group>";
		};
		9B0010191F87F8C200986BAE /* Main */ = {
			isa = PBXGroup;
			children = (
				9B0010041F87F7E400986BAE /* MainVC.swift */,
				9BA581A61F8904B5008C4976 /* MainCoreData.swift */,
				9B4BFC131F9104400062F88A /* MainSKHelper.swift */,
				9B00101B1F87F92E00986BAE /* MainLayout.swift */,
			);
			path = Main;
			sourceTree = "<group>";
		};
		9B00101F1F87FD8500986BAE /* View */ = {
			isa = PBXGroup;
			children = (
				9B0010201F87FD9800986BAE /* ToDoCell.swift */,
				9B85AAEF1F8B146F00E02AA0 /* SubToDoCell.swift */,
				9B0728A01F8B996A00256A68 /* CategoryCell.swift */,
				9B0010221F87FEE000986BAE /* Style */,
			);
			path = View;
			sourceTree = "<group>";
		};
		9B0010221F87FEE000986BAE /* Style */ = {
			isa = PBXGroup;
			children = (
				9B0010231F87FEFA00986BAE /* CategoryView.swift */,
				9BA581B11F896892008C4976 /* InputField.swift */,
				9BA581B31F898E39008C4976 /* TextButton.swift */,
				9B45AC4C1F8C4C3C000CB75B /* CustomSegues.swift */,
				9BE6601B1F8E97E100EB26E7 /* ColorPicker.swift */,
			);
			path = Style;
			sourceTree = "<group>";
		};
		9B85AAF11F8B948200E02AA0 /* AddDetailsVC */ = {
			isa = PBXGroup;
			children = (
				9B85AAF21F8B94AD00E02AA0 /* AddDetailsVC.swift */,
				9B85AAF41F8B94CD00E02AA0 /* AddDetailsCoreData.swift */,
				9B85AAF61F8B94D800E02AA0 /* AddDetailsLayout.swift */,
			);
			path = AddDetailsVC;
			sourceTree = "<group>";
		};
		9BA0D96720211F3800162364 /* Extensions */ = {
			isa = PBXGroup;
			children = (
				9BA0D96920211FB700162364 /* UIViewExtension.swift */,
				9BA0D96E2021236300162364 /* UIDeviceExtension.swift */,
			);
			path = Extensions;
			sourceTree = "<group>";
		};
		9BA0D96820211F4100162364 /* Presentation */ = {
			isa = PBXGroup;
			children = (
			);
			path = Presentation;
			sourceTree = "<group>";
		};
		9BA0D96B2021220600162364 /* Protocols */ = {
			isa = PBXGroup;
			children = (
				9BA0D96C2021221000162364 /* Alertable.swift */,
				9B20923A1F8FE48D00D6BDD6 /* Network.swift */,
			);
			path = Protocols;
			sourceTree = "<group>";
		};
		9BA0D9702021255F00162364 /* Data */ = {
			isa = PBXGroup;
			children = (
				9B0010091F87F7E400986BAE /* ToDone.xcdatamodeld */,
				9B00101D1F87FA4900986BAE /* Shared.swift */,
				9BA0D9712021259100162364 /* Constants.swift */,
			);
			path = Data;
			sourceTree = "<group>";
		};
		9BA581A81F890E06008C4976 /* AddToDo */ = {
			isa = PBXGroup;
			children = (
				9BA581A91F890E2F008C4976 /* AddToDoVC.swift */,
				9B85AAEB1F8B093600E02AA0 /* AddToDoCoreData.swift */,
				9BF4DBCF1F9109EB007AAA05 /* AddToDoSKHelper.swift */,
				9BA581AB1F890E58008C4976 /* AddToDoLayout.swift */,
			);
			path = AddToDo;
			sourceTree = "<group>";
		};
		9BB1CB3C1F97C04700F788CE /* Frameworks */ = {
			isa = PBXGroup;
			children = (
				9BB1CB3D1F97C04700F788CE /* StoreKit.framework */,
			);
			name = Frameworks;
			sourceTree = "<group>";
		};
		9BB92C431F8E9342002BF872 /* AddCategory */ = {
			isa = PBXGroup;
			children = (
				9BE660171F8E96BB00EB26E7 /* AddCategoryVC.swift */,
				9BE660191F8E96D100EB26E7 /* AddCategoryLayout.swift */,
			);
			path = AddCategory;
			sourceTree = "<group>";
		};
		9BE5EF561F8C466F00626FED /* SettingsVC */ = {
			isa = PBXGroup;
			children = (
				9BE5EF571F8C469000626FED /* SettingsVC.swift */,
				9B19BBEC1F8C495600607DC9 /* SettingsCoreData.swift */,
				9BF4DBD11F910AF2007AAA05 /* SettingsSKHelper.swift */,
				9B19BBEA1F8C494D00607DC9 /* SettingsLayout.swift */,
			);
			path = SettingsVC;
			sourceTree = "<group>";
		};
/* End PBXGroup section */

/* Begin PBXNativeTarget section */
		9B000FFE1F87F7E400986BAE /* ToDone */ = {
			isa = PBXNativeTarget;
			buildConfigurationList = 9B0010141F87F7E400986BAE /* Build configuration list for PBXNativeTarget "ToDone" */;
			buildPhases = (
				9B000FFB1F87F7E400986BAE /* Sources */,
				9B000FFC1F87F7E400986BAE /* Frameworks */,
				9B000FFD1F87F7E400986BAE /* Resources */,
			);
			buildRules = (
			);
			dependencies = (
			);
			name = ToDone;
			productName = ToDone;
			productReference = 9B000FFF1F87F7E400986BAE /* ToDone.app */;
			productType = "com.apple.product-type.application";
		};
/* End PBXNativeTarget section */

/* Begin PBXProject section */
		9B000FF71F87F7E400986BAE /* Project object */ = {
			isa = PBXProject;
			attributes = {
				LastSwiftUpdateCheck = 0900;
				LastUpgradeCheck = 0900;
				ORGANIZATIONNAME = "Craunic Productions";
				TargetAttributes = {
					9B000FFE1F87F7E400986BAE = {
						CreatedOnToolsVersion = 9.0;
						ProvisioningStyle = Automatic;
						SystemCapabilities = {
							com.apple.InAppPurchase = {
								enabled = 1;
							};
							com.apple.Push = {
								enabled = 1;
							};
						};
					};
				};
			};
			buildConfigurationList = 9B000FFA1F87F7E400986BAE /* Build configuration list for PBXProject "ToDone" */;
			compatibilityVersion = "Xcode 8.0";
			developmentRegion = en;
			hasScannedForEncodings = 0;
			knownRegions = (
				en,
				Base,
			);
			mainGroup = 9B000FF61F87F7E400986BAE;
			productRefGroup = 9B0010001F87F7E400986BAE /* Products */;
			projectDirPath = "";
			projectRoot = "";
			targets = (
				9B000FFE1F87F7E400986BAE /* ToDone */,
			);
		};
/* End PBXProject section */

/* Begin PBXResourcesBuildPhase section */
		9B000FFD1F87F7E400986BAE /* Resources */ = {
			isa = PBXResourcesBuildPhase;
			buildActionMask = 2147483647;
			files = (
				9B0010101F87F7E400986BAE /* LaunchScreen.storyboard in Resources */,
				9B00100D1F87F7E400986BAE /* Assets.xcassets in Resources */,
				9B0010081F87F7E400986BAE /* Main.storyboard in Resources */,
			);
			runOnlyForDeploymentPostprocessing = 0;
		};
/* End PBXResourcesBuildPhase section */

/* Begin PBXSourcesBuildPhase section */
		9B000FFB1F87F7E400986BAE /* Sources */ = {
			isa = PBXSourcesBuildPhase;
			buildActionMask = 2147483647;
			files = (
				9BA0D96A20211FB700162364 /* UIViewExtension.swift in Sources */,
				9BE5EF581F8C469000626FED /* SettingsVC.swift in Sources */,
				9B19BBED1F8C495600607DC9 /* SettingsCoreData.swift in Sources */,
				9B45AC4D1F8C4C3C000CB75B /* CustomSegues.swift in Sources */,
				9BA581B41F898E39008C4976 /* TextButton.swift in Sources */,
				9B00101E1F87FA4900986BAE /* Shared.swift in Sources */,
				9B85AAF31F8B94AD00E02AA0 /* AddDetailsVC.swift in Sources */,
				9BA581B21F896892008C4976 /* InputField.swift in Sources */,
				9B85AAEC1F8B093600E02AA0 /* AddToDoCoreData.swift in Sources */,
				9BA0D96D2021221000162364 /* Alertable.swift in Sources */,
				9B0728A11F8B996A00256A68 /* CategoryCell.swift in Sources */,
				9B85AAF51F8B94CD00E02AA0 /* AddDetailsCoreData.swift in Sources */,
				9B0010241F87FEFA00986BAE /* CategoryView.swift in Sources */,
				9B0010211F87FD9800986BAE /* ToDoCell.swift in Sources */,
				9B85AAF71F8B94D800E02AA0 /* AddDetailsLayout.swift in Sources */,
				9BF4DBD01F9109EB007AAA05 /* AddToDoSKHelper.swift in Sources */,
				9B85AAF01F8B146F00E02AA0 /* SubToDoCell.swift in Sources */,
				9BA581A71F8904B5008C4976 /* MainCoreData.swift in Sources */,
				9B00100B1F87F7E400986BAE /* ToDone.xcdatamodeld in Sources */,
				9B4BFC141F9104400062F88A /* MainSKHelper.swift in Sources */,
				9B19BBEB1F8C494D00607DC9 /* SettingsLayout.swift in Sources */,
				9B0010051F87F7E400986BAE /* MainVC.swift in Sources */,
				9BA581AA1F890E2F008C4976 /* AddToDoVC.swift in Sources */,
				9BA0D9722021259100162364 /* Constants.swift in Sources */,
				9B20923B1F8FE48D00D6BDD6 /* Network.swift in Sources */,
				9B00101C1F87F92E00986BAE /* MainLayout.swift in Sources */,
				9BF4DBD21F910AF2007AAA05 /* SettingsSKHelper.swift in Sources */,
				9BE660181F8E96BB00EB26E7 /* AddCategoryVC.swift in Sources */,
				9B0010031F87F7E400986BAE /* AppDelegate.swift in Sources */,
				9BE6601C1F8E97E100EB26E7 /* ColorPicker.swift in Sources */,
				9BA0D96F2021236300162364 /* UIDeviceExtension.swift in Sources */,
				9BA581AC1F890E58008C4976 /* AddToDoLayout.swift in Sources */,
				9BE6601A1F8E96D100EB26E7 /* AddCategoryLayout.swift in Sources */,
			);
			runOnlyForDeploymentPostprocessing = 0;
		};
/* End PBXSourcesBuildPhase section */

/* Begin PBXVariantGroup section */
		9B0010061F87F7E400986BAE /* Main.storyboard */ = {
			isa = PBXVariantGroup;
			children = (
				9B0010071F87F7E400986BAE /* Base */,
			);
			name = Main.storyboard;
			sourceTree = "<group>";
		};
		9B00100E1F87F7E400986BAE /* LaunchScreen.storyboard */ = {
			isa = PBXVariantGroup;
			children = (
				9B00100F1F87F7E400986BAE /* Base */,
			);
			name = LaunchScreen.storyboard;
			sourceTree = "<group>";
		};
/* End PBXVariantGroup section */

/* Begin XCBuildConfiguration section */
		9B0010121F87F7E400986BAE /* Debug */ = {
			isa = XCBuildConfiguration;
			buildSettings = {
				ALWAYS_SEARCH_USER_PATHS = NO;
				CLANG_ANALYZER_NONNULL = YES;
				CLANG_ANALYZER_NUMBER_OBJECT_CONVERSION = YES_AGGRESSIVE;
				CLANG_CXX_LANGUAGE_STANDARD = "gnu++14";
				CLANG_CXX_LIBRARY = "libc++";
				CLANG_ENABLE_MODULES = YES;
				CLANG_ENABLE_OBJC_ARC = YES;
				CLANG_WARN_BLOCK_CAPTURE_AUTORELEASING = YES;
				CLANG_WARN_BOOL_CONVERSION = YES;
				CLANG_WARN_COMMA = YES;
				CLANG_WARN_CONSTANT_CONVERSION = YES;
				CLANG_WARN_DIRECT_OBJC_ISA_USAGE = YES_ERROR;
				CLANG_WARN_DOCUMENTATION_COMMENTS = YES;
				CLANG_WARN_EMPTY_BODY = YES;
				CLANG_WARN_ENUM_CONVERSION = YES;
				CLANG_WARN_INFINITE_RECURSION = YES;
				CLANG_WARN_INT_CONVERSION = YES;
				CLANG_WARN_NON_LITERAL_NULL_CONVERSION = YES;
				CLANG_WARN_OBJC_LITERAL_CONVERSION = YES;
				CLANG_WARN_OBJC_ROOT_CLASS = YES_ERROR;
				CLANG_WARN_RANGE_LOOP_ANALYSIS = YES;
				CLANG_WARN_STRICT_PROTOTYPES = YES;
				CLANG_WARN_SUSPICIOUS_MOVE = YES;
				CLANG_WARN_UNGUARDED_AVAILABILITY = YES_AGGRESSIVE;
				CLANG_WARN_UNREACHABLE_CODE = YES;
				CLANG_WARN__DUPLICATE_METHOD_MATCH = YES;
				CODE_SIGN_IDENTITY = "iPhone Developer";
				COPY_PHASE_STRIP = NO;
				DEBUG_INFORMATION_FORMAT = dwarf;
				ENABLE_STRICT_OBJC_MSGSEND = YES;
				ENABLE_TESTABILITY = YES;
				GCC_C_LANGUAGE_STANDARD = gnu11;
				GCC_DYNAMIC_NO_PIC = NO;
				GCC_NO_COMMON_BLOCKS = YES;
				GCC_OPTIMIZATION_LEVEL = 0;
				GCC_PREPROCESSOR_DEFINITIONS = (
					"DEBUG=1",
					"$(inherited)",
				);
				GCC_WARN_64_TO_32_BIT_CONVERSION = YES;
				GCC_WARN_ABOUT_RETURN_TYPE = YES_ERROR;
				GCC_WARN_UNDECLARED_SELECTOR = YES;
				GCC_WARN_UNINITIALIZED_AUTOS = YES_AGGRESSIVE;
				GCC_WARN_UNUSED_FUNCTION = YES;
				GCC_WARN_UNUSED_VARIABLE = YES;
				IPHONEOS_DEPLOYMENT_TARGET = 11.0;
				MTL_ENABLE_DEBUG_INFO = YES;
				ONLY_ACTIVE_ARCH = YES;
				SDKROOT = iphoneos;
				SWIFT_ACTIVE_COMPILATION_CONDITIONS = DEBUG;
				SWIFT_OPTIMIZATION_LEVEL = "-Onone";
			};
			name = Debug;
		};
		9B0010131F87F7E400986BAE /* Release */ = {
			isa = XCBuildConfiguration;
			buildSettings = {
				ALWAYS_SEARCH_USER_PATHS = NO;
				CLANG_ANALYZER_NONNULL = YES;
				CLANG_ANALYZER_NUMBER_OBJECT_CONVERSION = YES_AGGRESSIVE;
				CLANG_CXX_LANGUAGE_STANDARD = "gnu++14";
				CLANG_CXX_LIBRARY = "libc++";
				CLANG_ENABLE_MODULES = YES;
				CLANG_ENABLE_OBJC_ARC = YES;
				CLANG_WARN_BLOCK_CAPTURE_AUTORELEASING = YES;
				CLANG_WARN_BOOL_CONVERSION = YES;
				CLANG_WARN_COMMA = YES;
				CLANG_WARN_CONSTANT_CONVERSION = YES;
				CLANG_WARN_DIRECT_OBJC_ISA_USAGE = YES_ERROR;
				CLANG_WARN_DOCUMENTATION_COMMENTS = YES;
				CLANG_WARN_EMPTY_BODY = YES;
				CLANG_WARN_ENUM_CONVERSION = YES;
				CLANG_WARN_INFINITE_RECURSION = YES;
				CLANG_WARN_INT_CONVERSION = YES;
				CLANG_WARN_NON_LITERAL_NULL_CONVERSION = YES;
				CLANG_WARN_OBJC_LITERAL_CONVERSION = YES;
				CLANG_WARN_OBJC_ROOT_CLASS = YES_ERROR;
				CLANG_WARN_RANGE_LOOP_ANALYSIS = YES;
				CLANG_WARN_STRICT_PROTOTYPES = YES;
				CLANG_WARN_SUSPICIOUS_MOVE = YES;
				CLANG_WARN_UNGUARDED_AVAILABILITY = YES_AGGRESSIVE;
				CLANG_WARN_UNREACHABLE_CODE = YES;
				CLANG_WARN__DUPLICATE_METHOD_MATCH = YES;
				CODE_SIGN_IDENTITY = "iPhone Developer";
				COPY_PHASE_STRIP = NO;
				DEBUG_INFORMATION_FORMAT = "dwarf-with-dsym";
				ENABLE_NS_ASSERTIONS = NO;
				ENABLE_STRICT_OBJC_MSGSEND = YES;
				GCC_C_LANGUAGE_STANDARD = gnu11;
				GCC_NO_COMMON_BLOCKS = YES;
				GCC_WARN_64_TO_32_BIT_CONVERSION = YES;
				GCC_WARN_ABOUT_RETURN_TYPE = YES_ERROR;
				GCC_WARN_UNDECLARED_SELECTOR = YES;
				GCC_WARN_UNINITIALIZED_AUTOS = YES_AGGRESSIVE;
				GCC_WARN_UNUSED_FUNCTION = YES;
				GCC_WARN_UNUSED_VARIABLE = YES;
				IPHONEOS_DEPLOYMENT_TARGET = 11.0;
				MTL_ENABLE_DEBUG_INFO = NO;
				SDKROOT = iphoneos;
				SWIFT_OPTIMIZATION_LEVEL = "-Owholemodule";
				VALIDATE_PRODUCT = YES;
			};
			name = Release;
		};
		9B0010151F87F7E400986BAE /* Debug */ = {
			isa = XCBuildConfiguration;
			buildSettings = {
				ASSETCATALOG_COMPILER_APPICON_NAME = AppIcon;
				CODE_SIGN_ENTITLEMENTS = ToDone/ToDone.entitlements;
				CODE_SIGN_STYLE = Automatic;
				DEVELOPMENT_TEAM = 96SB47X67B;
				INFOPLIST_FILE = ToDone/Info.plist;
				LD_RUNPATH_SEARCH_PATHS = "$(inherited) @executable_path/Frameworks";
				PRODUCT_BUNDLE_IDENTIFIER = com.CraunicProductions.HoneyDo;
				PRODUCT_NAME = "$(TARGET_NAME)";
				SWIFT_VERSION = 4.0;
				TARGETED_DEVICE_FAMILY = 1;
			};
			name = Debug;
		};
		9B0010161F87F7E400986BAE /* Release */ = {
			isa = XCBuildConfiguration;
			buildSettings = {
				ASSETCATALOG_COMPILER_APPICON_NAME = AppIcon;
				CODE_SIGN_ENTITLEMENTS = ToDone/ToDone.entitlements;
				CODE_SIGN_STYLE = Automatic;
				DEVELOPMENT_TEAM = 96SB47X67B;
				INFOPLIST_FILE = ToDone/Info.plist;
				LD_RUNPATH_SEARCH_PATHS = "$(inherited) @executable_path/Frameworks";
				PRODUCT_BUNDLE_IDENTIFIER = com.CraunicProductions.HoneyDo;
				PRODUCT_NAME = "$(TARGET_NAME)";
				SWIFT_VERSION = 4.0;
				TARGETED_DEVICE_FAMILY = 1;
			};
			name = Release;
		};
/* End XCBuildConfiguration section */

/* Begin XCConfigurationList section */
		9B000FFA1F87F7E400986BAE /* Build configuration list for PBXProject "ToDone" */ = {
			isa = XCConfigurationList;
			buildConfigurations = (
				9B0010121F87F7E400986BAE /* Debug */,
				9B0010131F87F7E400986BAE /* Release */,
			);
			defaultConfigurationIsVisible = 0;
			defaultConfigurationName = Release;
		};
		9B0010141F87F7E400986BAE /* Build configuration list for PBXNativeTarget "ToDone" */ = {
			isa = XCConfigurationList;
			buildConfigurations = (
				9B0010151F87F7E400986BAE /* Debug */,
				9B0010161F87F7E400986BAE /* Release */,
			);
			defaultConfigurationIsVisible = 0;
			defaultConfigurationName = Release;
		};
/* End XCConfigurationList section */

/* Begin XCVersionGroup section */
		9B0010091F87F7E400986BAE /* ToDone.xcdatamodeld */ = {
			isa = XCVersionGroup;
			children = (
				9B00100A1F87F7E400986BAE /* ToDone.xcdatamodel */,
			);
			currentVersion = 9B00100A1F87F7E400986BAE /* ToDone.xcdatamodel */;
			path = ToDone.xcdatamodeld;
			sourceTree = "<group>";
			versionGroupType = wrapper.xcdatamodel;
		};
/* End XCVersionGroup section */
	};
	rootObject = 9B000FF71F87F7E400986BAE /* Project object */;
}
